{
  "requires": true,
  "lockfileVersion": 1,
  "dependencies": {
    "turbo": {
      "version": "2.4.2",
      "resolved": "https://registry.npmjs.org/turbo/-/turbo-2.4.2.tgz",
      "integrity": "sha512-Qxi0ioQCxMRUCcHKHZkTnYH8e7XCpNfg9QiJcyfWIc+ZXeaCjzV5rCGlbQlTXMAtI8qgfP8fZADv3CFtPwqdPQ==",
      "dev": true,
      "requires": {
        "turbo-darwin-64": "2.4.2"
      }
    },
    "turbo-darwin-64": {
      "version": "2.4.2",
      "resolved": "https://registry.npmjs.org/turbo-darwin-64/-/turbo-darwin-64-2.4.2.tgz",
      "integrity": "sha512-HFfemyWB60CJtEvVQj9yby5rkkWw9fLAdLtAPGtPQoU3tKh8t/uzCAZKso2aPVbib9vGUuGbPGoGpaRXdVhj5g==",
      "dev": true,
      "optional": true
    }
  }
}
